// !$*UTF8*$!
{
	archiveVersion = 1;
	classes = {
	};
	objectVersion = 56;
	objects = {

/* Begin PBXBuildFile section */
		81F20D262A5E82060039908A /* main.cpp in Sources */ = {isa = PBXBuildFile; fileRef = 81F20D252A5E82060039908A /* main.cpp */; };
		81F20D322A5E83B40039908A /* libsfml-network.2.6.0.dylib in Frameworks */ = {isa = PBXBuildFile; fileRef = 81F20D2D2A5E83B40039908A /* libsfml-network.2.6.0.dylib */; settings = {ATTRIBUTES = (Required, ); }; };
		81F20D332A5E83B40039908A /* libsfml-audio.2.6.0.dylib in Frameworks */ = {isa = PBXBuildFile; fileRef = 81F20D2E2A5E83B40039908A /* libsfml-audio.2.6.0.dylib */; };
		81F20D342A5E83B40039908A /* libsfml-graphics.2.6.0.dylib in Frameworks */ = {isa = PBXBuildFile; fileRef = 81F20D2F2A5E83B40039908A /* libsfml-graphics.2.6.0.dylib */; };
		81F20D352A5E83B40039908A /* libsfml-system.2.6.0.dylib in Frameworks */ = {isa = PBXBuildFile; fileRef = 81F20D302A5E83B40039908A /* libsfml-system.2.6.0.dylib */; };
		81F20D362A5E83B40039908A /* libsfml-window.2.6.0.dylib in Frameworks */ = {isa = PBXBuildFile; fileRef = 81F20D312A5E83B40039908A /* libsfml-window.2.6.0.dylib */; };
		81F20D582A5E8EA60039908A /* stateMachine.cpp in Sources */ = {isa = PBXBuildFile; fileRef = 81F20D562A5E8EA60039908A /* stateMachine.cpp */; };
		81F20D5B2A5FBF120039908A /* AssetManager.cpp in Sources */ = {isa = PBXBuildFile; fileRef = 81F20D592A5FBF120039908A /* AssetManager.cpp */; };
		81F20D5E2A5FCEB50039908A /* InputManager.cpp in Sources */ = {isa = PBXBuildFile; fileRef = 81F20D5C2A5FCEB50039908A /* InputManager.cpp */; };
		81F20D612A5FD2280039908A /* Game.cpp in Sources */ = {isa = PBXBuildFile; fileRef = 81F20D5F2A5FD2280039908A /* Game.cpp */; };
		81F20D662A5FE2D50039908A /* Resources in CopyFiles */ = {isa = PBXBuildFile; fileRef = 81F20D622A5FE25B0039908A /* Resources */; };
		81F20D6A2A5FE3FE0039908A /* SplashState.cpp in Sources */ = {isa = PBXBuildFile; fileRef = 81F20D682A5FE3FE0039908A /* SplashState.cpp */; };
		81F20D6D2A611B560039908A /* MainMenuState.cpp in Sources */ = {isa = PBXBuildFile; fileRef = 81F20D6B2A611B560039908A /* MainMenuState.cpp */; };
/* End PBXBuildFile section */

/* Begin PBXCopyFilesBuildPhase section */
		81F20D202A5E82060039908A /* CopyFiles */ = {
			isa = PBXCopyFilesBuildPhase;
			buildActionMask = 2147483647;
			dstPath = /usr/share/man/man1/;
			dstSubfolderSpec = 0;
			files = (
			);
			runOnlyForDeploymentPostprocessing = 1;
		};
		81F20D652A5FE2C90039908A /* CopyFiles */ = {
			isa = PBXCopyFilesBuildPhase;
			buildActionMask = 2147483647;
			dstPath = "";
			dstSubfolderSpec = 7;
			files = (
				81F20D662A5FE2D50039908A /* Resources in CopyFiles */,
			);
			runOnlyForDeploymentPostprocessing = 0;
		};
/* End PBXCopyFilesBuildPhase section */

/* Begin PBXFileReference section */
		81F20D222A5E82060039908A /* SFML Template */ = {isa = PBXFileReference; explicitFileType = "compiled.mach-o.executable"; includeInIndex = 0; path = "SFML Template"; sourceTree = BUILT_PRODUCTS_DIR; };
		81F20D252A5E82060039908A /* main.cpp */ = {isa = PBXFileReference; lastKnownFileType = sourcecode.cpp.cpp; path = main.cpp; sourceTree = "<group>"; };
		81F20D2D2A5E83B40039908A /* libsfml-network.2.6.0.dylib */ = {isa = PBXFileReference; lastKnownFileType = "compiled.mach-o.dylib"; name = "libsfml-network.2.6.0.dylib"; path = "../Ext Lib/SFML/lib/libsfml-network.2.6.0.dylib"; sourceTree = "<group>"; };
		81F20D2E2A5E83B40039908A /* libsfml-audio.2.6.0.dylib */ = {isa = PBXFileReference; lastKnownFileType = "compiled.mach-o.dylib"; name = "libsfml-audio.2.6.0.dylib"; path = "../Ext Lib/SFML/lib/libsfml-audio.2.6.0.dylib"; sourceTree = "<group>"; };
		81F20D2F2A5E83B40039908A /* libsfml-graphics.2.6.0.dylib */ = {isa = PBXFileReference; lastKnownFileType = "compiled.mach-o.dylib"; name = "libsfml-graphics.2.6.0.dylib"; path = "../Ext Lib/SFML/lib/libsfml-graphics.2.6.0.dylib"; sourceTree = "<group>"; };
		81F20D302A5E83B40039908A /* libsfml-system.2.6.0.dylib */ = {isa = PBXFileReference; lastKnownFileType = "compiled.mach-o.dylib"; name = "libsfml-system.2.6.0.dylib"; path = "../Ext Lib/SFML/lib/libsfml-system.2.6.0.dylib"; sourceTree = "<group>"; };
		81F20D312A5E83B40039908A /* libsfml-window.2.6.0.dylib */ = {isa = PBXFileReference; lastKnownFileType = "compiled.mach-o.dylib"; name = "libsfml-window.2.6.0.dylib"; path = "../Ext Lib/SFML/lib/libsfml-window.2.6.0.dylib"; sourceTree = "<group>"; };
		81F20D552A5E8DC10039908A /* State.hpp */ = {isa = PBXFileReference; lastKnownFileType = sourcecode.cpp.h; path = State.hpp; sourceTree = "<group>"; };
		81F20D562A5E8EA60039908A /* stateMachine.cpp */ = {isa = PBXFileReference; lastKnownFileType = sourcecode.cpp.cpp; path = stateMachine.cpp; sourceTree = "<group>"; };
		81F20D572A5E8EA60039908A /* stateMachine.hpp */ = {isa = PBXFileReference; lastKnownFileType = sourcecode.cpp.h; path = stateMachine.hpp; sourceTree = "<group>"; };
		81F20D592A5FBF120039908A /* AssetManager.cpp */ = {isa = PBXFileReference; lastKnownFileType = sourcecode.cpp.cpp; path = AssetManager.cpp; sourceTree = "<group>"; };
		81F20D5A2A5FBF120039908A /* AssetManager.hpp */ = {isa = PBXFileReference; lastKnownFileType = sourcecode.cpp.h; path = AssetManager.hpp; sourceTree = "<group>"; };
		81F20D5C2A5FCEB50039908A /* InputManager.cpp */ = {isa = PBXFileReference; lastKnownFileType = sourcecode.cpp.cpp; path = InputManager.cpp; sourceTree = "<group>"; };
		81F20D5D2A5FCEB50039908A /* InputManager.hpp */ = {isa = PBXFileReference; lastKnownFileType = sourcecode.cpp.h; path = InputManager.hpp; sourceTree = "<group>"; };
		81F20D5F2A5FD2280039908A /* Game.cpp */ = {isa = PBXFileReference; lastKnownFileType = sourcecode.cpp.cpp; path = Game.cpp; sourceTree = "<group>"; };
		81F20D602A5FD2280039908A /* Game.hpp */ = {isa = PBXFileReference; lastKnownFileType = sourcecode.cpp.h; path = Game.hpp; sourceTree = "<group>"; };
		81F20D622A5FE25B0039908A /* Resources */ = {isa = PBXFileReference; lastKnownFileType = folder; path = Resources; sourceTree = "<group>"; };
		81F20D672A5FE3170039908A /* DEFINITIONS.hpp */ = {isa = PBXFileReference; lastKnownFileType = sourcecode.cpp.h; path = DEFINITIONS.hpp; sourceTree = "<group>"; };
		81F20D682A5FE3FE0039908A /* SplashState.cpp */ = {isa = PBXFileReference; lastKnownFileType = sourcecode.cpp.cpp; path = SplashState.cpp; sourceTree = "<group>"; };
		81F20D692A5FE3FE0039908A /* SplashState.hpp */ = {isa = PBXFileReference; lastKnownFileType = sourcecode.cpp.h; path = SplashState.hpp; sourceTree = "<group>"; };
		81F20D6B2A611B560039908A /* MainMenuState.cpp */ = {isa = PBXFileReference; lastKnownFileType = sourcecode.cpp.cpp; path = MainMenuState.cpp; sourceTree = "<group>"; };
		81F20D6C2A611B560039908A /* MainMenuState.hpp */ = {isa = PBXFileReference; lastKnownFileType = sourcecode.cpp.h; path = MainMenuState.hpp; sourceTree = "<group>"; };
/* End PBXFileReference section */

/* Begin PBXFrameworksBuildPhase section */
		81F20D1F2A5E82060039908A /* Frameworks */ = {
			isa = PBXFrameworksBuildPhase;
			buildActionMask = 2147483647;
			files = (
				81F20D322A5E83B40039908A /* libsfml-network.2.6.0.dylib in Frameworks */,
				81F20D332A5E83B40039908A /* libsfml-audio.2.6.0.dylib in Frameworks */,
				81F20D342A5E83B40039908A /* libsfml-graphics.2.6.0.dylib in Frameworks */,
				81F20D352A5E83B40039908A /* libsfml-system.2.6.0.dylib in Frameworks */,
				81F20D362A5E83B40039908A /* libsfml-window.2.6.0.dylib in Frameworks */,
			);
			runOnlyForDeploymentPostprocessing = 0;
		};
/* End PBXFrameworksBuildPhase section */

/* Begin PBXGroup section */
		81F20D192A5E82060039908A = {
			isa = PBXGroup;
			children = (
				81F20D242A5E82060039908A /* SFML Template */,
				81F20D232A5E82060039908A /* Products */,
				81F20D2C2A5E83B40039908A /* Frameworks */,
			);
			sourceTree = "<group>";
		};
		81F20D232A5E82060039908A /* Products */ = {
			isa = PBXGroup;
			children = (
				81F20D222A5E82060039908A /* SFML Template */,
			);
			name = Products;
			sourceTree = "<group>";
		};
		81F20D242A5E82060039908A /* SFML Template */ = {
			isa = PBXGroup;
			children = (
				81F20D622A5FE25B0039908A /* Resources */,
				81F20D252A5E82060039908A /* main.cpp */,
				81F20D682A5FE3FE0039908A /* SplashState.cpp */,
				81F20D692A5FE3FE0039908A /* SplashState.hpp */,
				81F20D562A5E8EA60039908A /* stateMachine.cpp */,
				81F20D6B2A611B560039908A /* MainMenuState.cpp */,
				81F20D6C2A611B560039908A /* MainMenuState.hpp */,
				81F20D5F2A5FD2280039908A /* Game.cpp */,
				81F20D672A5FE3170039908A /* DEFINITIONS.hpp */,
				81F20D602A5FD2280039908A /* Game.hpp */,
				81F20D5C2A5FCEB50039908A /* InputManager.cpp */,
				81F20D5D2A5FCEB50039908A /* InputManager.hpp */,
				81F20D592A5FBF120039908A /* AssetManager.cpp */,
				81F20D5A2A5FBF120039908A /* AssetManager.hpp */,
				81F20D572A5E8EA60039908A /* stateMachine.hpp */,
				81F20D552A5E8DC10039908A /* State.hpp */,
			);
			path = "SFML Template";
			sourceTree = "<group>";
		};
		81F20D2C2A5E83B40039908A /* Frameworks */ = {
			isa = PBXGroup;
			children = (
				81F20D2E2A5E83B40039908A /* libsfml-audio.2.6.0.dylib */,
				81F20D2F2A5E83B40039908A /* libsfml-graphics.2.6.0.dylib */,
				81F20D2D2A5E83B40039908A /* libsfml-network.2.6.0.dylib */,
				81F20D302A5E83B40039908A /* libsfml-system.2.6.0.dylib */,
				81F20D312A5E83B40039908A /* libsfml-window.2.6.0.dylib */,
			);
			name = Frameworks;
			sourceTree = "<group>";
		};
/* End PBXGroup section */

/* Begin PBXNativeTarget section */
		81F20D212A5E82060039908A /* SFML Template */ = {
			isa = PBXNativeTarget;
			buildConfigurationList = 81F20D292A5E82060039908A /* Build configuration list for PBXNativeTarget "SFML Template" */;
			buildPhases = (
				81F20D1E2A5E82060039908A /* Sources */,
				81F20D1F2A5E82060039908A /* Frameworks */,
				81F20D202A5E82060039908A /* CopyFiles */,
				81F20D652A5FE2C90039908A /* CopyFiles */,
			);
			buildRules = (
			);
			dependencies = (
			);
			name = "SFML Template";
			productName = "SFML Template";
			productReference = 81F20D222A5E82060039908A /* SFML Template */;
			productType = "com.apple.product-type.tool";
		};
/* End PBXNativeTarget section */

/* Begin PBXProject section */
		81F20D1A2A5E82060039908A /* Project object */ = {
			isa = PBXProject;
			attributes = {
				BuildIndependentTargetsInParallel = 1;
				LastUpgradeCheck = 1420;
				TargetAttributes = {
					81F20D212A5E82060039908A = {
						CreatedOnToolsVersion = 14.2;
					};
				};
			};
			buildConfigurationList = 81F20D1D2A5E82060039908A /* Build configuration list for PBXProject "SFML Template" */;
			compatibilityVersion = "Xcode 14.0";
			developmentRegion = en;
			hasScannedForEncodings = 0;
			knownRegions = (
				en,
				Base,
			);
			mainGroup = 81F20D192A5E82060039908A;
			productRefGroup = 81F20D232A5E82060039908A /* Products */;
			projectDirPath = "";
			projectRoot = "";
			targets = (
				81F20D212A5E82060039908A /* SFML Template */,
			);
		};
/* End PBXProject section */

/* Begin PBXSourcesBuildPhase section */
		81F20D1E2A5E82060039908A /* Sources */ = {
			isa = PBXSourcesBuildPhase;
			buildActionMask = 2147483647;
			files = (
				81F20D6D2A611B560039908A /* MainMenuState.cpp in Sources */,
				81F20D5E2A5FCEB50039908A /* InputManager.cpp in Sources */,
				81F20D5B2A5FBF120039908A /* AssetManager.cpp in Sources */,
				81F20D6A2A5FE3FE0039908A /* SplashState.cpp in Sources */,
				81F20D262A5E82060039908A /* main.cpp in Sources */,
				81F20D582A5E8EA60039908A /* stateMachine.cpp in Sources */,
				81F20D612A5FD2280039908A /* Game.cpp in Sources */,
			);
			runOnlyForDeploymentPostprocessing = 0;
		};
/* End PBXSourcesBuildPhase section */

/* Begin XCBuildConfiguration section */
		81F20D272A5E82060039908A /* Debug */ = {
			isa = XCBuildConfiguration;
			buildSettings = {
				ALWAYS_SEARCH_USER_PATHS = NO;
				CLANG_ANALYZER_NONNULL = YES;
				CLANG_ANALYZER_NUMBER_OBJECT_CONVERSION = YES_AGGRESSIVE;
				CLANG_CXX_LANGUAGE_STANDARD = "gnu++20";
				CLANG_ENABLE_MODULES = YES;
				CLANG_ENABLE_OBJC_ARC = YES;
				CLANG_ENABLE_OBJC_WEAK = YES;
				CLANG_WARN_BLOCK_CAPTURE_AUTORELEASING = YES;
				CLANG_WARN_BOOL_CONVERSION = YES;
				CLANG_WARN_COMMA = YES;
				CLANG_WARN_CONSTANT_CONVERSION = YES;
				CLANG_WARN_DEPRECATED_OBJC_IMPLEMENTATIONS = YES;
				CLANG_WARN_DIRECT_OBJC_ISA_USAGE = YES_ERROR;
				CLANG_WARN_DOCUMENTATION_COMMENTS = YES;
				CLANG_WARN_EMPTY_BODY = YES;
				CLANG_WARN_ENUM_CONVERSION = YES;
				CLANG_WARN_INFINITE_RECURSION = YES;
				CLANG_WARN_INT_CONVERSION = YES;
				CLANG_WARN_NON_LITERAL_NULL_CONVERSION = YES;
				CLANG_WARN_OBJC_IMPLICIT_RETAIN_SELF = YES;
				CLANG_WARN_OBJC_LITERAL_CONVERSION = YES;
				CLANG_WARN_OBJC_ROOT_CLASS = YES_ERROR;
				CLANG_WARN_QUOTED_INCLUDE_IN_FRAMEWORK_HEADER = YES;
				CLANG_WARN_RANGE_LOOP_ANALYSIS = YES;
				CLANG_WARN_STRICT_PROTOTYPES = YES;
				CLANG_WARN_SUSPICIOUS_MOVE = YES;
				CLANG_WARN_UNGUARDED_AVAILABILITY = YES_AGGRESSIVE;
				CLANG_WARN_UNREACHABLE_CODE = YES;
				CLANG_WARN__DUPLICATE_METHOD_MATCH = YES;
				COPY_PHASE_STRIP = NO;
				DEBUG_INFORMATION_FORMAT = dwarf;
				ENABLE_STRICT_OBJC_MSGSEND = YES;
				ENABLE_TESTABILITY = YES;
				GCC_C_LANGUAGE_STANDARD = gnu11;
				GCC_DYNAMIC_NO_PIC = NO;
				GCC_NO_COMMON_BLOCKS = YES;
				GCC_OPTIMIZATION_LEVEL = 0;
				GCC_PREPROCESSOR_DEFINITIONS = (
					"DEBUG=1",
					"$(inherited)",
				);
				GCC_WARN_64_TO_32_BIT_CONVERSION = YES;
				GCC_WARN_ABOUT_RETURN_TYPE = YES_ERROR;
				GCC_WARN_UNDECLARED_SELECTOR = YES;
				GCC_WARN_UNINITIALIZED_AUTOS = YES_AGGRESSIVE;
				GCC_WARN_UNUSED_FUNCTION = YES;
				GCC_WARN_UNUSED_VARIABLE = YES;
				MACOSX_DEPLOYMENT_TARGET = 12.6;
				MTL_ENABLE_DEBUG_INFO = INCLUDE_SOURCE;
				MTL_FAST_MATH = YES;
				ONLY_ACTIVE_ARCH = YES;
				SDKROOT = macosx;
			};
			name = Debug;
		};
		81F20D282A5E82060039908A /* Release */ = {
			isa = XCBuildConfiguration;
			buildSettings = {
				ALWAYS_SEARCH_USER_PATHS = NO;
				CLANG_ANALYZER_NONNULL = YES;
				CLANG_ANALYZER_NUMBER_OBJECT_CONVERSION = YES_AGGRESSIVE;
				CLANG_CXX_LANGUAGE_STANDARD = "gnu++20";
				CLANG_ENABLE_MODULES = YES;
				CLANG_ENABLE_OBJC_ARC = YES;
				CLANG_ENABLE_OBJC_WEAK = YES;
				CLANG_WARN_BLOCK_CAPTURE_AUTORELEASING = YES;
				CLANG_WARN_BOOL_CONVERSION = YES;
				CLANG_WARN_COMMA = YES;
				CLANG_WARN_CONSTANT_CONVERSION = YES;
				CLANG_WARN_DEPRECATED_OBJC_IMPLEMENTATIONS = YES;
				CLANG_WARN_DIRECT_OBJC_ISA_USAGE = YES_ERROR;
				CLANG_WARN_DOCUMENTATION_COMMENTS = YES;
				CLANG_WARN_EMPTY_BODY = YES;
				CLANG_WARN_ENUM_CONVERSION = YES;
				CLANG_WARN_INFINITE_RECURSION = YES;
				CLANG_WARN_INT_CONVERSION = YES;
				CLANG_WARN_NON_LITERAL_NULL_CONVERSION = YES;
				CLANG_WARN_OBJC_IMPLICIT_RETAIN_SELF = YES;
				CLANG_WARN_OBJC_LITERAL_CONVERSION = YES;
				CLANG_WARN_OBJC_ROOT_CLASS = YES_ERROR;
				CLANG_WARN_QUOTED_INCLUDE_IN_FRAMEWORK_HEADER = YES;
				CLANG_WARN_RANGE_LOOP_ANALYSIS = YES;
				CLANG_WARN_STRICT_PROTOTYPES = YES;
				CLANG_WARN_SUSPICIOUS_MOVE = YES;
				CLANG_WARN_UNGUARDED_AVAILABILITY = YES_AGGRESSIVE;
				CLANG_WARN_UNREACHABLE_CODE = YES;
				CLANG_WARN__DUPLICATE_METHOD_MATCH = YES;
				COPY_PHASE_STRIP = NO;
				DEBUG_INFORMATION_FORMAT = "dwarf-with-dsym";
				ENABLE_NS_ASSERTIONS = NO;
				ENABLE_STRICT_OBJC_MSGSEND = YES;
				GCC_C_LANGUAGE_STANDARD = gnu11;
				GCC_NO_COMMON_BLOCKS = YES;
				GCC_WARN_64_TO_32_BIT_CONVERSION = YES;
				GCC_WARN_ABOUT_RETURN_TYPE = YES_ERROR;
				GCC_WARN_UNDECLARED_SELECTOR = YES;
				GCC_WARN_UNINITIALIZED_AUTOS = YES_AGGRESSIVE;
				GCC_WARN_UNUSED_FUNCTION = YES;
				GCC_WARN_UNUSED_VARIABLE = YES;
				MACOSX_DEPLOYMENT_TARGET = 12.6;
				MTL_ENABLE_DEBUG_INFO = NO;
				MTL_FAST_MATH = YES;
				SDKROOT = macosx;
			};
			name = Release;
		};
		81F20D2A2A5E82060039908A /* Debug */ = {
			isa = XCBuildConfiguration;
			buildSettings = {
				CODE_SIGN_STYLE = Automatic;
				HEADER_SEARCH_PATHS = "\"${SRCROOT}/../Ext Lib/SFML/include\"";
				LIBRARY_SEARCH_PATHS = "\"${SRCROOT}/../Ext Lib/SFML/lib\"";
				PRODUCT_NAME = "$(TARGET_NAME)";
			};
			name = Debug;
		};
		81F20D2B2A5E82060039908A /* Release */ = {
			isa = XCBuildConfiguration;
			buildSettings = {
				CODE_SIGN_STYLE = Automatic;
				HEADER_SEARCH_PATHS = "\"${SRCROOT}/../Ext Lib/SFML/include\"";
				LIBRARY_SEARCH_PATHS = "\"${SRCROOT}/../Ext Lib/SFML/lib\"";
				PRODUCT_NAME = "$(TARGET_NAME)";
			};
			name = Release;
		};
/* End XCBuildConfiguration section */

/* Begin XCConfigurationList section */
		81F20D1D2A5E82060039908A /* Build configuration list for PBXProject "SFML Template" */ = {
			isa = XCConfigurationList;
			buildConfigurations = (
				81F20D272A5E82060039908A /* Debug */,
				81F20D282A5E82060039908A /* Release */,
			);
			defaultConfigurationIsVisible = 0;
			defaultConfigurationName = Release;
		};
		81F20D292A5E82060039908A /* Build configuration list for PBXNativeTarget "SFML Template" */ = {
			isa = XCConfigurationList;
			buildConfigurations = (
				81F20D2A2A5E82060039908A /* Debug */,
				81F20D2B2A5E82060039908A /* Release */,
			);
			defaultConfigurationIsVisible = 0;
			defaultConfigurationName = Release;
		};
/* End XCConfigurationList section */
	};
	rootObject = 81F20D1A2A5E82060039908A /* Project object */;
}
